// !$*UTF8*$!
{
	archiveVersion = 1;
	classes = {
	};
	objectVersion = 60;
	objects = {

/* Begin PBXBuildFile section */
		A10000000000000000000001 /* LegadoIOSApp.swift in Sources */ = {isa = PBXBuildFile; fileRef = A10000000000000000000011 /* LegadoIOSApp.swift */; };
		A10000000000000000000002 /* ContentView.swift in Sources */ = {isa = PBXBuildFile; fileRef = A10000000000000000000012 /* ContentView.swift */; };
		A10000000000000000000004 /* DefaultSource.swift in Sources */ = {isa = PBXBuildFile; fileRef = A10000000000000000000014 /* DefaultSource.swift */; };
		A10000000000000000000005 /* LegadoShared.xcframework in Frameworks */ = {isa = PBXBuildFile; fileRef = A10000000000000000000015 /* LegadoShared.xcframework */; };
		A10000000000000000000006 /* DefaultDataBundle.swift in Sources */ = {isa = PBXBuildFile; fileRef = A10000000000000000000016 /* DefaultDataBundle.swift */; };
		A10000000000000000000007 /* DefaultData in Resources */ = {isa = PBXBuildFile; fileRef = A10000000000000000000017 /* DefaultData */; };
		A10000000000000000000008 /* SpeechController.swift in Sources */ = {isa = PBXBuildFile; fileRef = A10000000000000000000018 /* SpeechController.swift */; };
		B10000000000000000000001 /* AppState.swift in Sources */ = {isa = PBXBuildFile; fileRef = B10000000000000000000011 /* AppState.swift */; };
		B10000000000000000000002 /* MainTabView.swift in Sources */ = {isa = PBXBuildFile; fileRef = B10000000000000000000012 /* MainTabView.swift */; };
		B10000000000000000000003 /* EmptyStateView.swift in Sources */ = {isa = PBXBuildFile; fileRef = B10000000000000000000013 /* EmptyStateView.swift */; };
		B10000000000000000000004 /* BookshelfView.swift in Sources */ = {isa = PBXBuildFile; fileRef = B10000000000000000000014 /* BookshelfView.swift */; };
		B10000000000000000000005 /* ExploreView.swift in Sources */ = {isa = PBXBuildFile; fileRef = B10000000000000000000015 /* ExploreView.swift */; };
		B10000000000000000000006 /* SearchView.swift in Sources */ = {isa = PBXBuildFile; fileRef = B10000000000000000000016 /* SearchView.swift */; };
		B10000000000000000000007 /* BookDetailView.swift in Sources */ = {isa = PBXBuildFile; fileRef = B10000000000000000000017 /* BookDetailView.swift */; };
		B10000000000000000000008 /* ChapterListView.swift in Sources */ = {isa = PBXBuildFile; fileRef = B10000000000000000000018 /* ChapterListView.swift */; };
		B10000000000000000000009 /* ReaderView.swift in Sources */ = {isa = PBXBuildFile; fileRef = B10000000000000000000019 /* ReaderView.swift */; };
		B1000000000000000000000A /* RssHomeView.swift in Sources */ = {isa = PBXBuildFile; fileRef = B1000000000000000000001A /* RssHomeView.swift */; };
		B1000000000000000000000B /* SettingsHomeView.swift in Sources */ = {isa = PBXBuildFile; fileRef = B1000000000000000000001B /* SettingsHomeView.swift */; };
		B1000000000000000000000C /* SourceListView.swift in Sources */ = {isa = PBXBuildFile; fileRef = B1000000000000000000001C /* SourceListView.swift */; };
		B1000000000000000000000D /* SourceEditorView.swift in Sources */ = {isa = PBXBuildFile; fileRef = B1000000000000000000001D /* SourceEditorView.swift */; };
		B1000000000000000000000E /* SourceDebugView.swift in Sources */ = {isa = PBXBuildFile; fileRef = B1000000000000000000001E /* SourceDebugView.swift */; };
		B1000000000000000000000F /* RssArticleListView.swift in Sources */ = {isa = PBXBuildFile; fileRef = B1000000000000000000001F /* RssArticleListView.swift */; };
		B10000000000000000000010 /* RssReaderView.swift in Sources */ = {isa = PBXBuildFile; fileRef = B10000000000000000000020 /* RssReaderView.swift */; };
		C10000000000000000000001 /* ReplaceRuleListView.swift in Sources */ = {isa = PBXBuildFile; fileRef = C10000000000000000000011 /* ReplaceRuleListView.swift */; };
		C10000000000000000000002 /* ReplaceRuleEditorView.swift in Sources */ = {isa = PBXBuildFile; fileRef = C10000000000000000000012 /* ReplaceRuleEditorView.swift */; };
		C10000000000000000000003 /* BackupView.swift in Sources */ = {isa = PBXBuildFile; fileRef = C10000000000000000000013 /* BackupView.swift */; };
		C10000000000000000000004 /* DictRuleListView.swift in Sources */ = {isa = PBXBuildFile; fileRef = C10000000000000000000014 /* DictRuleListView.swift */; };
		C10000000000000000000005 /* DictRuleEditorView.swift in Sources */ = {isa = PBXBuildFile; fileRef = C10000000000000000000015 /* DictRuleEditorView.swift */; };
		C10000000000000000000006 /* HttpTtsListView.swift in Sources */ = {isa = PBXBuildFile; fileRef = C10000000000000000000016 /* HttpTtsListView.swift */; };
		C10000000000000000000007 /* HttpTtsEditorView.swift in Sources */ = {isa = PBXBuildFile; fileRef = C10000000000000000000017 /* HttpTtsEditorView.swift */; };
		C10000000000000000000008 /* BookmarkListView.swift in Sources */ = {isa = PBXBuildFile; fileRef = C10000000000000000000018 /* BookmarkListView.swift */; };
		C10000000000000000000009 /* BookGroupListView.swift in Sources */ = {isa = PBXBuildFile; fileRef = C10000000000000000000019 /* BookGroupListView.swift */; };
		C1000000000000000000000A /* DictionaryLookupView.swift in Sources */ = {isa = PBXBuildFile; fileRef = C1000000000000000000001A /* DictionaryLookupView.swift */; };
		C1000000000000000000000B /* TxtTocRuleListView.swift in Sources */ = {isa = PBXBuildFile; fileRef = C1000000000000000000001B /* TxtTocRuleListView.swift */; };
		C1000000000000000000000C /* TxtTocRuleEditorView.swift in Sources */ = {isa = PBXBuildFile; fileRef = C1000000000000000000001C /* TxtTocRuleEditorView.swift */; };
		C1000000000000000000000D /* ServerListView.swift in Sources */ = {isa = PBXBuildFile; fileRef = C1000000000000000000001D /* ServerListView.swift */; };
		C1000000000000000000000E /* ServerEditorView.swift in Sources */ = {isa = PBXBuildFile; fileRef = C1000000000000000000001E /* ServerEditorView.swift */; };
		C1000000000000000000000F /* KeyboardAssistListView.swift in Sources */ = {isa = PBXBuildFile; fileRef = C1000000000000000000001F /* KeyboardAssistListView.swift */; };
		C10000000000000000000010 /* KeyboardAssistEditorView.swift in Sources */ = {isa = PBXBuildFile; fileRef = C10000000000000000000020 /* KeyboardAssistEditorView.swift */; };
		D10000000000000000000001 /* RuleSubListView.swift in Sources */ = {isa = PBXBuildFile; fileRef = C10000000000000000000021 /* RuleSubListView.swift */; };
		D10000000000000000000002 /* RuleSubEditorView.swift in Sources */ = {isa = PBXBuildFile; fileRef = C10000000000000000000022 /* RuleSubEditorView.swift */; };
		D10000000000000000000003 /* RawConfigListView.swift in Sources */ = {isa = PBXBuildFile; fileRef = D10000000000000000000013 /* RawConfigListView.swift */; };
		D10000000000000000000004 /* RawConfigEditorView.swift in Sources */ = {isa = PBXBuildFile; fileRef = D10000000000000000000014 /* RawConfigEditorView.swift */; };
		D10000000000000000000005 /* RssSourceListView.swift in Sources */ = {isa = PBXBuildFile; fileRef = D10000000000000000000015 /* RssSourceListView.swift */; };
		D10000000000000000000006 /* RssSourceEditorView.swift in Sources */ = {isa = PBXBuildFile; fileRef = D10000000000000000000016 /* RssSourceEditorView.swift */; };
		D10000000000000000000007 /* ReadRecordListView.swift in Sources */ = {isa = PBXBuildFile; fileRef = D10000000000000000000017 /* ReadRecordListView.swift */; };
		D10000000000000000000008 /* RssStarListView.swift in Sources */ = {isa = PBXBuildFile; fileRef = D10000000000000000000018 /* RssStarListView.swift */; };
		D10000000000000000000009 /* CookieListView.swift in Sources */ = {isa = PBXBuildFile; fileRef = D10000000000000000000019 /* CookieListView.swift */; };
		D1000000000000000000000A /* CacheEntryListView.swift in Sources */ = {isa = PBXBuildFile; fileRef = D1000000000000000000001A /* CacheEntryListView.swift */; };
/* End PBXBuildFile section */

/* Begin PBXFileReference section */
		A10000000000000000000010 /* LegadoIOS.app */ = {isa = PBXFileReference; explicitFileType = wrapper.application; includeInIndex = 0; path = LegadoIOS.app; sourceTree = BUILT_PRODUCTS_DIR; };
		A10000000000000000000011 /* LegadoIOSApp.swift */ = {isa = PBXFileReference; lastKnownFileType = sourcecode.swift; path = LegadoIOSApp.swift; sourceTree = "<group>"; };
		A10000000000000000000012 /* ContentView.swift */ = {isa = PBXFileReference; lastKnownFileType = sourcecode.swift; path = ContentView.swift; sourceTree = "<group>"; };
		A10000000000000000000014 /* DefaultSource.swift */ = {isa = PBXFileReference; lastKnownFileType = sourcecode.swift; path = DefaultSource.swift; sourceTree = "<group>"; };
		A10000000000000000000015 /* LegadoShared.xcframework */ = {isa = PBXFileReference; lastKnownFileType = wrapper.xcframework; name = LegadoShared.xcframework; path = ../shared/build/XCFrameworks/debug/LegadoShared.xcframework; sourceTree = SOURCE_ROOT; };
		A10000000000000000000016 /* DefaultDataBundle.swift */ = {isa = PBXFileReference; lastKnownFileType = sourcecode.swift; path = DefaultDataBundle.swift; sourceTree = "<group>"; };
		A10000000000000000000017 /* DefaultData */ = {isa = PBXFileReference; lastKnownFileType = folder; path = DefaultData; sourceTree = "<group>"; };
		A10000000000000000000018 /* SpeechController.swift */ = {isa = PBXFileReference; lastKnownFileType = sourcecode.swift; path = SpeechController.swift; sourceTree = "<group>"; };
		B10000000000000000000011 /* AppState.swift */ = {isa = PBXFileReference; lastKnownFileType = sourcecode.swift; path = AppState.swift; sourceTree = "<group>"; };
		B10000000000000000000012 /* MainTabView.swift */ = {isa = PBXFileReference; lastKnownFileType = sourcecode.swift; path = Views/MainTabView.swift; sourceTree = "<group>"; };
		B10000000000000000000013 /* EmptyStateView.swift */ = {isa = PBXFileReference; lastKnownFileType = sourcecode.swift; path = Views/EmptyStateView.swift; sourceTree = "<group>"; };
		B10000000000000000000014 /* BookshelfView.swift */ = {isa = PBXFileReference; lastKnownFileType = sourcecode.swift; path = Views/BookshelfView.swift; sourceTree = "<group>"; };
		B10000000000000000000015 /* ExploreView.swift */ = {isa = PBXFileReference; lastKnownFileType = sourcecode.swift; path = Views/ExploreView.swift; sourceTree = "<group>"; };
		B10000000000000000000016 /* SearchView.swift */ = {isa = PBXFileReference; lastKnownFileType = sourcecode.swift; path = Views/SearchView.swift; sourceTree = "<group>"; };
		B10000000000000000000017 /* BookDetailView.swift */ = {isa = PBXFileReference; lastKnownFileType = sourcecode.swift; path = Views/BookDetailView.swift; sourceTree = "<group>"; };
		B10000000000000000000018 /* ChapterListView.swift */ = {isa = PBXFileReference; lastKnownFileType = sourcecode.swift; path = Views/ChapterListView.swift; sourceTree = "<group>"; };
		B10000000000000000000019 /* ReaderView.swift */ = {isa = PBXFileReference; lastKnownFileType = sourcecode.swift; path = Views/ReaderView.swift; sourceTree = "<group>"; };
		B1000000000000000000001A /* RssHomeView.swift */ = {isa = PBXFileReference; lastKnownFileType = sourcecode.swift; path = Views/RssHomeView.swift; sourceTree = "<group>"; };
		B1000000000000000000001B /* SettingsHomeView.swift */ = {isa = PBXFileReference; lastKnownFileType = sourcecode.swift; path = Views/SettingsHomeView.swift; sourceTree = "<group>"; };
		B1000000000000000000001C /* SourceListView.swift */ = {isa = PBXFileReference; lastKnownFileType = sourcecode.swift; path = Views/SourceListView.swift; sourceTree = "<group>"; };
		B1000000000000000000001D /* SourceEditorView.swift */ = {isa = PBXFileReference; lastKnownFileType = sourcecode.swift; path = Views/SourceEditorView.swift; sourceTree = "<group>"; };
		B1000000000000000000001E /* SourceDebugView.swift */ = {isa = PBXFileReference; lastKnownFileType = sourcecode.swift; path = Views/SourceDebugView.swift; sourceTree = "<group>"; };
		B1000000000000000000001F /* RssArticleListView.swift */ = {isa = PBXFileReference; lastKnownFileType = sourcecode.swift; path = Views/RssArticleListView.swift; sourceTree = "<group>"; };
		B10000000000000000000020 /* RssReaderView.swift */ = {isa = PBXFileReference; lastKnownFileType = sourcecode.swift; path = Views/RssReaderView.swift; sourceTree = "<group>"; };
		C10000000000000000000011 /* ReplaceRuleListView.swift */ = {isa = PBXFileReference; lastKnownFileType = sourcecode.swift; path = Views/ReplaceRuleListView.swift; sourceTree = "<group>"; };
		C10000000000000000000012 /* ReplaceRuleEditorView.swift */ = {isa = PBXFileReference; lastKnownFileType = sourcecode.swift; path = Views/ReplaceRuleEditorView.swift; sourceTree = "<group>"; };
		C10000000000000000000013 /* BackupView.swift */ = {isa = PBXFileReference; lastKnownFileType = sourcecode.swift; path = Views/BackupView.swift; sourceTree = "<group>"; };
		C10000000000000000000014 /* DictRuleListView.swift */ = {isa = PBXFileReference; lastKnownFileType = sourcecode.swift; path = Views/DictRuleListView.swift; sourceTree = "<group>"; };
		C10000000000000000000015 /* DictRuleEditorView.swift */ = {isa = PBXFileReference; lastKnownFileType = sourcecode.swift; path = Views/DictRuleEditorView.swift; sourceTree = "<group>"; };
		C10000000000000000000016 /* HttpTtsListView.swift */ = {isa = PBXFileReference; lastKnownFileType = sourcecode.swift; path = Views/HttpTtsListView.swift; sourceTree = "<group>"; };
		C10000000000000000000017 /* HttpTtsEditorView.swift */ = {isa = PBXFileReference; lastKnownFileType = sourcecode.swift; path = Views/HttpTtsEditorView.swift; sourceTree = "<group>"; };
		C10000000000000000000018 /* BookmarkListView.swift */ = {isa = PBXFileReference; lastKnownFileType = sourcecode.swift; path = Views/BookmarkListView.swift; sourceTree = "<group>"; };
		C10000000000000000000019 /* BookGroupListView.swift */ = {isa = PBXFileReference; lastKnownFileType = sourcecode.swift; path = Views/BookGroupListView.swift; sourceTree = "<group>"; };
		C1000000000000000000001A /* DictionaryLookupView.swift */ = {isa = PBXFileReference; lastKnownFileType = sourcecode.swift; path = Views/DictionaryLookupView.swift; sourceTree = "<group>"; };
		C1000000000000000000001B /* TxtTocRuleListView.swift */ = {isa = PBXFileReference; lastKnownFileType = sourcecode.swift; path = Views/TxtTocRuleListView.swift; sourceTree = "<group>"; };
		C1000000000000000000001C /* TxtTocRuleEditorView.swift */ = {isa = PBXFileReference; lastKnownFileType = sourcecode.swift; path = Views/TxtTocRuleEditorView.swift; sourceTree = "<group>"; };
		C1000000000000000000001D /* ServerListView.swift */ = {isa = PBXFileReference; lastKnownFileType = sourcecode.swift; path = Views/ServerListView.swift; sourceTree = "<group>"; };
		C1000000000000000000001E /* ServerEditorView.swift */ = {isa = PBXFileReference; lastKnownFileType = sourcecode.swift; path = Views/ServerEditorView.swift; sourceTree = "<group>"; };
		C1000000000000000000001F /* KeyboardAssistListView.swift */ = {isa = PBXFileReference; lastKnownFileType = sourcecode.swift; path = Views/KeyboardAssistListView.swift; sourceTree = "<group>"; };
		C10000000000000000000020 /* KeyboardAssistEditorView.swift */ = {isa = PBXFileReference; lastKnownFileType = sourcecode.swift; path = Views/KeyboardAssistEditorView.swift; sourceTree = "<group>"; };
		C10000000000000000000021 /* RuleSubListView.swift */ = {isa = PBXFileReference; lastKnownFileType = sourcecode.swift; path = Views/RuleSubListView.swift; sourceTree = "<group>"; };
		C10000000000000000000022 /* RuleSubEditorView.swift */ = {isa = PBXFileReference; lastKnownFileType = sourcecode.swift; path = Views/RuleSubEditorView.swift; sourceTree = "<group>"; };
		D10000000000000000000013 /* RawConfigListView.swift */ = {isa = PBXFileReference; lastKnownFileType = sourcecode.swift; path = Views/RawConfigListView.swift; sourceTree = "<group>"; };
		D10000000000000000000014 /* RawConfigEditorView.swift */ = {isa = PBXFileReference; lastKnownFileType = sourcecode.swift; path = Views/RawConfigEditorView.swift; sourceTree = "<group>"; };
		D10000000000000000000015 /* RssSourceListView.swift */ = {isa = PBXFileReference; lastKnownFileType = sourcecode.swift; path = Views/RssSourceListView.swift; sourceTree = "<group>"; };
		D10000000000000000000016 /* RssSourceEditorView.swift */ = {isa = PBXFileReference; lastKnownFileType = sourcecode.swift; path = Views/RssSourceEditorView.swift; sourceTree = "<group>"; };
		D10000000000000000000017 /* ReadRecordListView.swift */ = {isa = PBXFileReference; lastKnownFileType = sourcecode.swift; path = Views/ReadRecordListView.swift; sourceTree = "<group>"; };
		D10000000000000000000018 /* RssStarListView.swift */ = {isa = PBXFileReference; lastKnownFileType = sourcecode.swift; path = Views/RssStarListView.swift; sourceTree = "<group>"; };
		D10000000000000000000019 /* CookieListView.swift */ = {isa = PBXFileReference; lastKnownFileType = sourcecode.swift; path = Views/CookieListView.swift; sourceTree = "<group>"; };
		D1000000000000000000001A /* CacheEntryListView.swift */ = {isa = PBXFileReference; lastKnownFileType = sourcecode.swift; path = Views/CacheEntryListView.swift; sourceTree = "<group>"; };
/* End PBXFileReference section */

/* Begin PBXFrameworksBuildPhase section */
		A10000000000000000000020 /* Frameworks */ = {
			isa = PBXFrameworksBuildPhase;
			buildActionMask = 2147483647;
			files = (
				A10000000000000000000005 /* LegadoShared.xcframework in Frameworks */,
			);
			runOnlyForDeploymentPostprocessing = 0;
		};
/* End PBXFrameworksBuildPhase section */

/* Begin PBXGroup section */
		A10000000000000000000030 = {
			isa = PBXGroup;
			children = (
				A10000000000000000000031 /* LegadoIOS */,
				A10000000000000000000032 /* Frameworks */,
				A10000000000000000000033 /* Products */,
			);
			sourceTree = "<group>";
		};
		A10000000000000000000031 /* LegadoIOS */ = {
			isa = PBXGroup;
			children = (
				A10000000000000000000011 /* LegadoIOSApp.swift */,
				A10000000000000000000012 /* ContentView.swift */,
				B10000000000000000000011 /* AppState.swift */,
				A10000000000000000000018 /* SpeechController.swift */,
				B10000000000000000000012 /* MainTabView.swift */,
				B10000000000000000000013 /* EmptyStateView.swift */,
				B10000000000000000000014 /* BookshelfView.swift */,
				B10000000000000000000015 /* ExploreView.swift */,
				B10000000000000000000016 /* SearchView.swift */,
				B10000000000000000000017 /* BookDetailView.swift */,
				B10000000000000000000018 /* ChapterListView.swift */,
				B10000000000000000000019 /* ReaderView.swift */,
				B1000000000000000000001A /* RssHomeView.swift */,
				B1000000000000000000001F /* RssArticleListView.swift */,
				B10000000000000000000020 /* RssReaderView.swift */,
				D10000000000000000000015 /* RssSourceListView.swift */,
				D10000000000000000000016 /* RssSourceEditorView.swift */,
				D10000000000000000000018 /* RssStarListView.swift */,
				B1000000000000000000001B /* SettingsHomeView.swift */,
				C10000000000000000000011 /* ReplaceRuleListView.swift */,
				C10000000000000000000012 /* ReplaceRuleEditorView.swift */,
				C10000000000000000000013 /* BackupView.swift */,
				C10000000000000000000014 /* DictRuleListView.swift */,
				C10000000000000000000015 /* DictRuleEditorView.swift */,
				C1000000000000000000001A /* DictionaryLookupView.swift */,
				C10000000000000000000016 /* HttpTtsListView.swift */,
				C10000000000000000000017 /* HttpTtsEditorView.swift */,
				C10000000000000000000018 /* BookmarkListView.swift */,
				D10000000000000000000017 /* ReadRecordListView.swift */,
				C10000000000000000000019 /* BookGroupListView.swift */,
				C1000000000000000000001B /* TxtTocRuleListView.swift */,
				C1000000000000000000001C /* TxtTocRuleEditorView.swift */,
				C1000000000000000000001D /* ServerListView.swift */,
				C1000000000000000000001E /* ServerEditorView.swift */,
				C1000000000000000000001F /* KeyboardAssistListView.swift */,
				C10000000000000000000020 /* KeyboardAssistEditorView.swift */,
				C10000000000000000000021 /* RuleSubListView.swift */,
				C10000000000000000000022 /* RuleSubEditorView.swift */,
				D10000000000000000000013 /* RawConfigListView.swift */,
				D10000000000000000000014 /* RawConfigEditorView.swift */,
				D10000000000000000000019 /* CookieListView.swift */,
				D1000000000000000000001A /* CacheEntryListView.swift */,
				B1000000000000000000001C /* SourceListView.swift */,
				B1000000000000000000001D /* SourceEditorView.swift */,
				B1000000000000000000001E /* SourceDebugView.swift */,
				A10000000000000000000014 /* DefaultSource.swift */,
				A10000000000000000000016 /* DefaultDataBundle.swift */,
				A10000000000000000000017 /* DefaultData */,
			);
			path = LegadoIOS;
			sourceTree = "<group>";
		};
		A10000000000000000000032 /* Frameworks */ = {
			isa = PBXGroup;
			children = (
				A10000000000000000000015 /* LegadoShared.xcframework */,
			);
			name = Frameworks;
			sourceTree = "<group>";
		};
		A10000000000000000000033 /* Products */ = {
			isa = PBXGroup;
			children = (
				A10000000000000000000010 /* LegadoIOS.app */,
			);
			name = Products;
			sourceTree = "<group>";
		};
/* End PBXGroup section */

/* Begin PBXNativeTarget section */
		A10000000000000000000040 /* LegadoIOS */ = {
			isa = PBXNativeTarget;
			buildConfigurationList = A10000000000000000000070 /* Build configuration list for PBXNativeTarget "LegadoIOS" */;
			buildPhases = (
				A10000000000000000000060 /* Build LegadoShared */,
				A10000000000000000000050 /* Sources */,
				A10000000000000000000020 /* Frameworks */,
				A10000000000000000000021 /* Resources */,
			);
			buildRules = (
			);
			dependencies = (
			);
			name = LegadoIOS;
			productName = LegadoIOS;
			productReference = A10000000000000000000010 /* LegadoIOS.app */;
			productType = "com.apple.product-type.application";
		};
/* End PBXNativeTarget section */

/* Begin PBXProject section */
		A10000000000000000000080 /* Project object */ = {
			isa = PBXProject;
			attributes = {
				BuildIndependentTargetsInParallel = 1;
				LastSwiftUpdateCheck = 1600;
				LastUpgradeCheck = 1600;
				TargetAttributes = {
					A10000000000000000000040 = {
						CreatedOnToolsVersion = 16.0;
					};
				};
			};
			buildConfigurationList = A10000000000000000000090 /* Build configuration list for PBXProject "LegadoIOS" */;
			compatibilityVersion = "Xcode 15.0";
			developmentRegion = en;
			hasScannedForEncodings = 0;
			knownRegions = (
				en,
				Base,
			);
			mainGroup = A10000000000000000000030;
			productRefGroup = A10000000000000000000033 /* Products */;
			projectDirPath = "";
			projectRoot = "";
			targets = (
				A10000000000000000000040 /* LegadoIOS */,
			);
		};
/* End PBXProject section */

/* Begin PBXShellScriptBuildPhase section */
		A10000000000000000000060 /* Build LegadoShared */ = {
			isa = PBXShellScriptBuildPhase;
			alwaysOutOfDate = 1;
			buildActionMask = 2147483647;
			files = (
			);
			inputFileListPaths = (
			);
			inputPaths = (
			);
			name = "Build LegadoShared";
			outputFileListPaths = (
			);
			outputPaths = (
			);
			runOnlyForDeploymentPostprocessing = 0;
			shellPath = /bin/sh;
			shellScript = "/bin/sh \"$SRCROOT/scripts/build-shared-xcframework.sh\"\n";
		};
/* End PBXShellScriptBuildPhase section */

/* Begin PBXResourcesBuildPhase section */
		A10000000000000000000021 /* Resources */ = {
			isa = PBXResourcesBuildPhase;
			buildActionMask = 2147483647;
			files = (
				A10000000000000000000007 /* DefaultData in Resources */,
			);
			runOnlyForDeploymentPostprocessing = 0;
		};
/* End PBXResourcesBuildPhase section */

/* Begin PBXSourcesBuildPhase section */
		A10000000000000000000050 /* Sources */ = {
			isa = PBXSourcesBuildPhase;
			buildActionMask = 2147483647;
			files = (
				A10000000000000000000001 /* LegadoIOSApp.swift in Sources */,
				A10000000000000000000002 /* ContentView.swift in Sources */,
				A10000000000000000000004 /* DefaultSource.swift in Sources */,
				A10000000000000000000006 /* DefaultDataBundle.swift in Sources */,
				A10000000000000000000008 /* SpeechController.swift in Sources */,
				B10000000000000000000001 /* AppState.swift in Sources */,
				B10000000000000000000002 /* MainTabView.swift in Sources */,
				B10000000000000000000003 /* EmptyStateView.swift in Sources */,
				B10000000000000000000004 /* BookshelfView.swift in Sources */,
				B10000000000000000000005 /* ExploreView.swift in Sources */,
				B10000000000000000000006 /* SearchView.swift in Sources */,
				B10000000000000000000007 /* BookDetailView.swift in Sources */,
				B10000000000000000000008 /* ChapterListView.swift in Sources */,
				B10000000000000000000009 /* ReaderView.swift in Sources */,
				B1000000000000000000000A /* RssHomeView.swift in Sources */,
				B1000000000000000000000B /* SettingsHomeView.swift in Sources */,
				B1000000000000000000000C /* SourceListView.swift in Sources */,
				B1000000000000000000000D /* SourceEditorView.swift in Sources */,
				B1000000000000000000000E /* SourceDebugView.swift in Sources */,
				B1000000000000000000000F /* RssArticleListView.swift in Sources */,
				B10000000000000000000010 /* RssReaderView.swift in Sources */,
				D10000000000000000000005 /* RssSourceListView.swift in Sources */,
				D10000000000000000000006 /* RssSourceEditorView.swift in Sources */,
				D10000000000000000000008 /* RssStarListView.swift in Sources */,
				C10000000000000000000001 /* ReplaceRuleListView.swift in Sources */,
				C10000000000000000000002 /* ReplaceRuleEditorView.swift in Sources */,
				C10000000000000000000003 /* BackupView.swift in Sources */,
				C10000000000000000000004 /* DictRuleListView.swift in Sources */,
				C10000000000000000000005 /* DictRuleEditorView.swift in Sources */,
				C1000000000000000000000A /* DictionaryLookupView.swift in Sources */,
				C10000000000000000000006 /* HttpTtsListView.swift in Sources */,
				C10000000000000000000007 /* HttpTtsEditorView.swift in Sources */,
				C10000000000000000000008 /* BookmarkListView.swift in Sources */,
				D10000000000000000000007 /* ReadRecordListView.swift in Sources */,
				C10000000000000000000009 /* BookGroupListView.swift in Sources */,
				C1000000000000000000000B /* TxtTocRuleListView.swift in Sources */,
				C1000000000000000000000C /* TxtTocRuleEditorView.swift in Sources */,
				C1000000000000000000000D /* ServerListView.swift in Sources */,
				C1000000000000000000000E /* ServerEditorView.swift in Sources */,
				C1000000000000000000000F /* KeyboardAssistListView.swift in Sources */,
				C10000000000000000000010 /* KeyboardAssistEditorView.swift in Sources */,
				D10000000000000000000001 /* RuleSubListView.swift in Sources */,
				D10000000000000000000002 /* RuleSubEditorView.swift in Sources */,
				D10000000000000000000003 /* RawConfigListView.swift in Sources */,
				D10000000000000000000004 /* RawConfigEditorView.swift in Sources */,
				D10000000000000000000009 /* CookieListView.swift in Sources */,
				D1000000000000000000000A /* CacheEntryListView.swift in Sources */,
			);
			runOnlyForDeploymentPostprocessing = 0;
		};
/* End PBXSourcesBuildPhase section */

/* Begin XCBuildConfiguration section */
		A10000000000000000000071 /* Debug */ = {
			isa = XCBuildConfiguration;
			buildSettings = {
				ASSETCATALOG_COMPILER_APPICON_NAME = AppIcon;
				CODE_SIGN_STYLE = Automatic;
				DEVELOPMENT_ASSET_PATHS = "";
				ENABLE_PREVIEWS = YES;
				FRAMEWORK_SEARCH_PATHS = (
					"$(inherited)",
					"$(SRCROOT)/../shared/build/XCFrameworks/debug",
				);
				GENERATE_INFOPLIST_FILE = YES;
				INFOPLIST_KEY_UILaunchScreen_Generation = YES;
				IPHONEOS_DEPLOYMENT_TARGET = 16.0;
				PRODUCT_BUNDLE_IDENTIFIER = io.legado.ios;
				PRODUCT_NAME = "$(TARGET_NAME)";
				SUPPORTED_PLATFORMS = "iphoneos iphonesimulator";
				SWIFT_VERSION = 5.0;
				TARGETED_DEVICE_FAMILY = "1,2";
			};
			name = Debug;
		};
		A10000000000000000000072 /* Release */ = {
			isa = XCBuildConfiguration;
			buildSettings = {
				ASSETCATALOG_COMPILER_APPICON_NAME = AppIcon;
				CODE_SIGN_STYLE = Automatic;
				FRAMEWORK_SEARCH_PATHS = (
					"$(inherited)",
					"$(SRCROOT)/../shared/build/XCFrameworks/debug",
				);
				GENERATE_INFOPLIST_FILE = YES;
				INFOPLIST_KEY_UILaunchScreen_Generation = YES;
				IPHONEOS_DEPLOYMENT_TARGET = 16.0;
				PRODUCT_BUNDLE_IDENTIFIER = io.legado.ios;
				PRODUCT_NAME = "$(TARGET_NAME)";
				SUPPORTED_PLATFORMS = "iphoneos iphonesimulator";
				SWIFT_VERSION = 5.0;
				TARGETED_DEVICE_FAMILY = "1,2";
			};
			name = Release;
		};
		A10000000000000000000091 /* Debug */ = {
			isa = XCBuildConfiguration;
			buildSettings = {
				ALWAYS_SEARCH_USER_PATHS = NO;
				CLANG_ANALYZER_NONNULL = YES;
				CLANG_CXX_LANGUAGE_STANDARD = "gnu++20";
				CLANG_ENABLE_MODULES = YES;
				CLANG_ENABLE_OBJC_ARC = YES;
				CLANG_WARN_DOCUMENTATION_COMMENTS = YES;
				CLANG_WARN_QUOTED_INCLUDE_IN_FRAMEWORK_HEADER = YES;
				COPY_PHASE_STRIP = NO;
				DEBUG_INFORMATION_FORMAT = dwarf;
				ENABLE_STRICT_OBJC_MSGSEND = YES;
				ENABLE_TESTABILITY = YES;
				GCC_C_LANGUAGE_STANDARD = gnu17;
				GCC_DYNAMIC_NO_PIC = NO;
				GCC_NO_COMMON_BLOCKS = YES;
				GCC_OPTIMIZATION_LEVEL = 0;
				GCC_PREPROCESSOR_DEFINITIONS = (
					"DEBUG=1",
					"$(inherited)",
				);
				GCC_WARN_64_TO_32_BIT_CONVERSION = YES;
				GCC_WARN_ABOUT_RETURN_TYPE = YES_ERROR;
				GCC_WARN_UNDECLARED_SELECTOR = YES;
				GCC_WARN_UNINITIALIZED_AUTOS = YES_AGGRESSIVE;
				GCC_WARN_UNUSED_FUNCTION = YES;
				GCC_WARN_UNUSED_VARIABLE = YES;
				MTL_ENABLE_DEBUG_INFO = INCLUDE_SOURCE;
				MTL_FAST_MATH = YES;
				ONLY_ACTIVE_ARCH = YES;
				SDKROOT = iphoneos;
				SWIFT_ACTIVE_COMPILATION_CONDITIONS = DEBUG;
				SWIFT_OPTIMIZATION_LEVEL = "-Onone";
			};
			name = Debug;
		};
		A10000000000000000000092 /* Release */ = {
			isa = XCBuildConfiguration;
			buildSettings = {
				ALWAYS_SEARCH_USER_PATHS = NO;
				CLANG_ANALYZER_NONNULL = YES;
				CLANG_CXX_LANGUAGE_STANDARD = "gnu++20";
				CLANG_ENABLE_MODULES = YES;
				CLANG_ENABLE_OBJC_ARC = YES;
				COPY_PHASE_STRIP = NO;
				DEBUG_INFORMATION_FORMAT = "dwarf-with-dsym";
				ENABLE_NS_ASSERTIONS = NO;
				ENABLE_STRICT_OBJC_MSGSEND = YES;
				GCC_C_LANGUAGE_STANDARD = gnu17;
				GCC_NO_COMMON_BLOCKS = YES;
				GCC_WARN_64_TO_32_BIT_CONVERSION = YES;
				GCC_WARN_ABOUT_RETURN_TYPE = YES_ERROR;
				GCC_WARN_UNDECLARED_SELECTOR = YES;
				GCC_WARN_UNINITIALIZED_AUTOS = YES_AGGRESSIVE;
				GCC_WARN_UNUSED_FUNCTION = YES;
				GCC_WARN_UNUSED_VARIABLE = YES;
				MTL_ENABLE_DEBUG_INFO = NO;
				MTL_FAST_MATH = YES;
				SDKROOT = iphoneos;
				SWIFT_COMPILATION_MODE = wholemodule;
			};
			name = Release;
		};
/* End XCBuildConfiguration section */

/* Begin XCConfigurationList section */
		A10000000000000000000070 /* Build configuration list for PBXNativeTarget "LegadoIOS" */ = {
			isa = XCConfigurationList;
			buildConfigurations = (
				A10000000000000000000071 /* Debug */,
				A10000000000000000000072 /* Release */,
			);
			defaultConfigurationIsVisible = 0;
			defaultConfigurationName = Debug;
		};
		A10000000000000000000090 /* Build configuration list for PBXProject "LegadoIOS" */ = {
			isa = XCConfigurationList;
			buildConfigurations = (
				A10000000000000000000091 /* Debug */,
				A10000000000000000000092 /* Release */,
			);
			defaultConfigurationIsVisible = 0;
			defaultConfigurationName = Debug;
		};
/* End XCConfigurationList section */
	};
	rootObject = A10000000000000000000080 /* Project object */;
}
